
Microsoft Visual Studio Solution File, Format Version 12.00
# Visual Studio Version 16
VisualStudioVersion = 16.0.31112.23
MinimumVisualStudioVersion = 10.0.40219.1
Project("{9A19103F-16F7-4668-BE54-9A1E7A4F7556}") = "FileEditor", "Текстовый редактор\FileEditor\FileEditor.csproj", "{78214840-E845-45FE-BFFF-1847702B63C2}"
EndProject
Global
	GlobalSection(SolutionConfigurationPlatforms) = preSolution
		Debug|Any CPU = Debug|Any CPU
		Release|Any CPU = Release|Any CPU
	EndGlobalSection
	GlobalSection(ProjectConfigurationPlatforms) = postSolution
		{78214840-E845-45FE-BFFF-1847702B63C2}.Debug|Any CPU.ActiveCfg = Debug|Any CPU
		{78214840-E845-45FE-BFFF-1847702B63C2}.Debug|Any CPU.Build.0 = Debug|Any CPU
		{78214840-E845-45FE-BFFF-1847702B63C2}.Release|Any CPU.ActiveCfg = Release|Any CPU
		{78214840-E845-45FE-BFFF-1847702B63C2}.Release|Any CPU.Build.0 = Release|Any CPU
	EndGlobalSection
	GlobalSection(SolutionProperties) = preSolution
		HideSolutionNode = FALSE
	EndGlobalSection
	GlobalSection(ExtensibilityGlobals) = postSolution
		SolutionGuid = {51854326-4555-4FCE-ACF0-C2B2FFCB50AB}
	EndGlobalSection
EndGlobal
